// !$*UTF8*$!
{
	archiveVersion = 1;
	classes = {
	};
	objectVersion = 50;
	objects = {

/* Begin PBXBuildFile section */
		BB68FAB62695A8F900F8FC97 /* AppDelegate.swift in Sources */ = {isa = PBXBuildFile; fileRef = BB68FAB52695A8F900F8FC97 /* AppDelegate.swift */; };
		BB68FABF2695A8FA00F8FC97 /* Assets.xcassets in Resources */ = {isa = PBXBuildFile; fileRef = BB68FABE2695A8FA00F8FC97 /* Assets.xcassets */; };
		BB68FACB2695AE8A00F8FC97 /* LoginViewController.swift in Sources */ = {isa = PBXBuildFile; fileRef = BB68FAC92695AE8A00F8FC97 /* LoginViewController.swift */; };
		BB68FACC2695AE8A00F8FC97 /* LoginViewController.xib in Resources */ = {isa = PBXBuildFile; fileRef = BB68FACA2695AE8A00F8FC97 /* LoginViewController.xib */; };
		BB82A302269EF3C800B87356 /* SceneDelegate.swift in Sources */ = {isa = PBXBuildFile; fileRef = BB82A301269EF3C800B87356 /* SceneDelegate.swift */; };
		BB82A305269F163800B87356 /* RegistrationViewController.swift in Sources */ = {isa = PBXBuildFile; fileRef = BB82A303269F163800B87356 /* RegistrationViewController.swift */; };
		BB82A306269F163800B87356 /* RegistrationViewController.xib in Resources */ = {isa = PBXBuildFile; fileRef = BB82A304269F163800B87356 /* RegistrationViewController.xib */; };
		BBEB5DCC2697C34F00010297 /* SplashViewController.swift in Sources */ = {isa = PBXBuildFile; fileRef = BBEB5DCA2697C34F00010297 /* SplashViewController.swift */; };
		BBEB5DCD2697C34F00010297 /* SplashViewController.xib in Resources */ = {isa = PBXBuildFile; fileRef = BBEB5DCB2697C34F00010297 /* SplashViewController.xib */; };
		BBEB5DD02697C67600010297 /* MainViewController.swift in Sources */ = {isa = PBXBuildFile; fileRef = BBEB5DCE2697C67600010297 /* MainViewController.swift */; };
		BBEB5DD12697C67600010297 /* MainViewController.xib in Resources */ = {isa = PBXBuildFile; fileRef = BBEB5DCF2697C67600010297 /* MainViewController.xib */; };
/* End PBXBuildFile section */

/* Begin PBXFileReference section */
		BB68FAB22695A8F900F8FC97 /* xCritical.app */ = {isa = PBXFileReference; explicitFileType = wrapper.application; includeInIndex = 0; path = xCritical.app; sourceTree = BUILT_PRODUCTS_DIR; };
		BB68FAB52695A8F900F8FC97 /* AppDelegate.swift */ = {isa = PBXFileReference; lastKnownFileType = sourcecode.swift; path = AppDelegate.swift; sourceTree = "<group>"; };
		BB68FABE2695A8FA00F8FC97 /* Assets.xcassets */ = {isa = PBXFileReference; lastKnownFileType = folder.assetcatalog; path = Assets.xcassets; sourceTree = "<group>"; };
		BB68FAC32695A8FA00F8FC97 /* Info.plist */ = {isa = PBXFileReference; lastKnownFileType = text.plist.xml; path = Info.plist; sourceTree = "<group>"; };
		BB68FAC92695AE8A00F8FC97 /* LoginViewController.swift */ = {isa = PBXFileReference; lastKnownFileType = sourcecode.swift; path = LoginViewController.swift; sourceTree = "<group>"; };
		BB68FACA2695AE8A00F8FC97 /* LoginViewController.xib */ = {isa = PBXFileReference; lastKnownFileType = file.xib; path = LoginViewController.xib; sourceTree = "<group>"; };
		BB82A301269EF3C800B87356 /* SceneDelegate.swift */ = {isa = PBXFileReference; lastKnownFileType = sourcecode.swift; path = SceneDelegate.swift; sourceTree = "<group>"; };
		BB82A303269F163800B87356 /* RegistrationViewController.swift */ = {isa = PBXFileReference; lastKnownFileType = sourcecode.swift; path = RegistrationViewController.swift; sourceTree = "<group>"; };
		BB82A304269F163800B87356 /* RegistrationViewController.xib */ = {isa = PBXFileReference; lastKnownFileType = file.xib; path = RegistrationViewController.xib; sourceTree = "<group>"; };
		BBEB5DCA2697C34F00010297 /* SplashViewController.swift */ = {isa = PBXFileReference; lastKnownFileType = sourcecode.swift; path = SplashViewController.swift; sourceTree = "<group>"; };
		BBEB5DCB2697C34F00010297 /* SplashViewController.xib */ = {isa = PBXFileReference; lastKnownFileType = file.xib; path = SplashViewController.xib; sourceTree = "<group>"; };
		BBEB5DCE2697C67600010297 /* MainViewController.swift */ = {isa = PBXFileReference; lastKnownFileType = sourcecode.swift; path = MainViewController.swift; sourceTree = "<group>"; };
		BBEB5DCF2697C67600010297 /* MainViewController.xib */ = {isa = PBXFileReference; lastKnownFileType = file.xib; path = MainViewController.xib; sourceTree = "<group>"; };
/* End PBXFileReference section */

/* Begin PBXFrameworksBuildPhase section */
		BB68FAAF2695A8F900F8FC97 /* Frameworks */ = {
			isa = PBXFrameworksBuildPhase;
			buildActionMask = 2147483647;
			files = (
			);
			runOnlyForDeploymentPostprocessing = 0;
		};
/* End PBXFrameworksBuildPhase section */

/* Begin PBXGroup section */
		BB68FAA92695A8F900F8FC97 = {
			isa = PBXGroup;
			children = (
				BB68FAB42695A8F900F8FC97 /* xCritical */,
				BB68FAB32695A8F900F8FC97 /* Products */,
			);
			sourceTree = "<group>";
		};
		BB68FAB32695A8F900F8FC97 /* Products */ = {
			isa = PBXGroup;
			children = (
				BB68FAB22695A8F900F8FC97 /* xCritical.app */,
			);
			name = Products;
			sourceTree = "<group>";
		};
		BB68FAB42695A8F900F8FC97 /* xCritical */ = {
			isa = PBXGroup;
			children = (
				BB68FAB52695A8F900F8FC97 /* AppDelegate.swift */,
				BB82A301269EF3C800B87356 /* SceneDelegate.swift */,
				BB68FABE2695A8FA00F8FC97 /* Assets.xcassets */,
				BB68FAC32695A8FA00F8FC97 /* Info.plist */,
				BB68FAC92695AE8A00F8FC97 /* LoginViewController.swift */,
				BB68FACA2695AE8A00F8FC97 /* LoginViewController.xib */,
				BBEB5DCA2697C34F00010297 /* SplashViewController.swift */,
				BBEB5DCB2697C34F00010297 /* SplashViewController.xib */,
				BBEB5DCE2697C67600010297 /* MainViewController.swift */,
				BBEB5DCF2697C67600010297 /* MainViewController.xib */,
				BB82A303269F163800B87356 /* RegistrationViewController.swift */,
				BB82A304269F163800B87356 /* RegistrationViewController.xib */,
			);
			path = xCritical;
			sourceTree = "<group>";
		};
/* End PBXGroup section */

/* Begin PBXNativeTarget section */
		BB68FAB12695A8F900F8FC97 /* xCritical */ = {
			isa = PBXNativeTarget;
			buildConfigurationList = BB68FAC62695A8FA00F8FC97 /* Build configuration list for PBXNativeTarget "xCritical" */;
			buildPhases = (
				BB68FAAE2695A8F900F8FC97 /* Sources */,
				BB68FAAF2695A8F900F8FC97 /* Frameworks */,
				BB68FAB02695A8F900F8FC97 /* Resources */,
			);
			buildRules = (
			);
			dependencies = (
			);
			name = xCritical;
			productName = xCritical;
			productReference = BB68FAB22695A8F900F8FC97 /* xCritical.app */;
			productType = "com.apple.product-type.application";
		};
/* End PBXNativeTarget section */

/* Begin PBXProject section */
		BB68FAAA2695A8F900F8FC97 /* Project object */ = {
			isa = PBXProject;
			attributes = {
				LastSwiftUpdateCheck = 1250;
				LastUpgradeCheck = 1250;
				TargetAttributes = {
					BB68FAB12695A8F900F8FC97 = {
						CreatedOnToolsVersion = 12.5.1;
					};
				};
			};
			buildConfigurationList = BB68FAAD2695A8F900F8FC97 /* Build configuration list for PBXProject "xCritical" */;
			compatibilityVersion = "Xcode 9.3";
			developmentRegion = en;
			hasScannedForEncodings = 0;
			knownRegions = (
				en,
				Base,
			);
			mainGroup = BB68FAA92695A8F900F8FC97;
			productRefGroup = BB68FAB32695A8F900F8FC97 /* Products */;
			projectDirPath = "";
			projectRoot = "";
			targets = (
				BB68FAB12695A8F900F8FC97 /* xCritical */,
			);
		};
/* End PBXProject section */

/* Begin PBXResourcesBuildPhase section */
		BB68FAB02695A8F900F8FC97 /* Resources */ = {
			isa = PBXResourcesBuildPhase;
			buildActionMask = 2147483647;
			files = (
				BB82A306269F163800B87356 /* RegistrationViewController.xib in Resources */,
				BBEB5DCD2697C34F00010297 /* SplashViewController.xib in Resources */,
				BB68FABF2695A8FA00F8FC97 /* Assets.xcassets in Resources */,
				BBEB5DD12697C67600010297 /* MainViewController.xib in Resources */,
				BB68FACC2695AE8A00F8FC97 /* LoginViewController.xib in Resources */,
			);
			runOnlyForDeploymentPostprocessing = 0;
		};
/* End PBXResourcesBuildPhase section */

/* Begin PBXSourcesBuildPhase section */
		BB68FAAE2695A8F900F8FC97 /* Sources */ = {
			isa = PBXSourcesBuildPhase;
			buildActionMask = 2147483647;
			files = (
				BB82A305269F163800B87356 /* RegistrationViewController.swift in Sources */,
				BBEB5DD02697C67600010297 /* MainViewController.swift in Sources */,
				BB82A302269EF3C800B87356 /* SceneDelegate.swift in Sources */,
				BB68FACB2695AE8A00F8FC97 /* LoginViewController.swift in Sources */,
				BB68FAB62695A8F900F8FC97 /* AppDelegate.swift in Sources */,
				BBEB5DCC2697C34F00010297 /* SplashViewController.swift in Sources */,
			);
			runOnlyForDeploymentPostprocessing = 0;
		};
/* End PBXSourcesBuildPhase section */

/* Begin XCBuildConfiguration section */
		BB68FAC42695A8FA00F8FC97 /* Debug */ = {
			isa = XCBuildConfiguration;
			buildSettings = {
				ALWAYS_SEARCH_USER_PATHS = NO;
				CLANG_ANALYZER_NONNULL = YES;
				CLANG_ANALYZER_NUMBER_OBJECT_CONVERSION = YES_AGGRESSIVE;
				CLANG_CXX_LANGUAGE_STANDARD = "gnu++14";
				CLANG_CXX_LIBRARY = "libc++";
				CLANG_ENABLE_MODULES = YES;
				CLANG_ENABLE_OBJC_ARC = YES;
				CLANG_ENABLE_OBJC_WEAK = YES;
				CLANG_WARN_BLOCK_CAPTURE_AUTORELEASING = YES;
				CLANG_WARN_BOOL_CONVERSION = YES;
				CLANG_WARN_COMMA = YES;
				CLANG_WARN_CONSTANT_CONVERSION = YES;
				CLANG_WARN_DEPRECATED_OBJC_IMPLEMENTATIONS = YES;
				CLANG_WARN_DIRECT_OBJC_ISA_USAGE = YES_ERROR;
				CLANG_WARN_DOCUMENTATION_COMMENTS = YES;
				CLANG_WARN_EMPTY_BODY = YES;
				CLANG_WARN_ENUM_CONVERSION = YES;
				CLANG_WARN_INFINITE_RECURSION = YES;
				CLANG_WARN_INT_CONVERSION = YES;
				CLANG_WARN_NON_LITERAL_NULL_CONVERSION = YES;
				CLANG_WARN_OBJC_IMPLICIT_RETAIN_SELF = YES;
				CLANG_WARN_OBJC_LITERAL_CONVERSION = YES;
				CLANG_WARN_OBJC_ROOT_CLASS = YES_ERROR;
				CLANG_WARN_QUOTED_INCLUDE_IN_FRAMEWORK_HEADER = YES;
				CLANG_WARN_RANGE_LOOP_ANALYSIS = YES;
				CLANG_WARN_STRICT_PROTOTYPES = YES;
				CLANG_WARN_SUSPICIOUS_MOVE = YES;
				CLANG_WARN_UNGUARDED_AVAILABILITY = YES_AGGRESSIVE;
				CLANG_WARN_UNREACHABLE_CODE = YES;
				CLANG_WARN__DUPLICATE_METHOD_MATCH = YES;
				COPY_PHASE_STRIP = NO;
				DEBUG_INFORMATION_FORMAT = dwarf;
				ENABLE_STRICT_OBJC_MSGSEND = YES;
				ENABLE_TESTABILITY = YES;
				GCC_C_LANGUAGE_STANDARD = gnu11;
				GCC_DYNAMIC_NO_PIC = NO;
				GCC_NO_COMMON_BLOCKS = YES;
				GCC_OPTIMIZATION_LEVEL = 0;
				GCC_PREPROCESSOR_DEFINITIONS = (
					"DEBUG=1",
					"$(inherited)",
				);
				GCC_WARN_64_TO_32_BIT_CONVERSION = YES;
				GCC_WARN_ABOUT_RETURN_TYPE = YES_ERROR;
				GCC_WARN_UNDECLARED_SELECTOR = YES;
				GCC_WARN_UNINITIALIZED_AUTOS = YES_AGGRESSIVE;
				GCC_WARN_UNUSED_FUNCTION = YES;
				GCC_WARN_UNUSED_VARIABLE = YES;
				IPHONEOS_DEPLOYMENT_TARGET = 14.5;
				MTL_ENABLE_DEBUG_INFO = INCLUDE_SOURCE;
				MTL_FAST_MATH = YES;
				ONLY_ACTIVE_ARCH = YES;
				SDKROOT = iphoneos;
				SWIFT_ACTIVE_COMPILATION_CONDITIONS = DEBUG;
				SWIFT_OPTIMIZATION_LEVEL = "-Onone";
			};
			name = Debug;
		};
		BB68FAC52695A8FA00F8FC97 /* Release */ = {
			isa = XCBuildConfiguration;
			buildSettings = {
				ALWAYS_SEARCH_USER_PATHS = NO;
				CLANG_ANALYZER_NONNULL = YES;
				CLANG_ANALYZER_NUMBER_OBJECT_CONVERSION = YES_AGGRESSIVE;
				CLANG_CXX_LANGUAGE_STANDARD = "gnu++14";
				CLANG_CXX_LIBRARY = "libc++";
				CLANG_ENABLE_MODULES = YES;
				CLANG_ENABLE_OBJC_ARC = YES;
				CLANG_ENABLE_OBJC_WEAK = YES;
				CLANG_WARN_BLOCK_CAPTURE_AUTORELEASING = YES;
				CLANG_WARN_BOOL_CONVERSION = YES;
				CLANG_WARN_COMMA = YES;
				CLANG_WARN_CONSTANT_CONVERSION = YES;
				CLANG_WARN_DEPRECATED_OBJC_IMPLEMENTATIONS = YES;
				CLANG_WARN_DIRECT_OBJC_ISA_USAGE = YES_ERROR;
				CLANG_WARN_DOCUMENTATION_COMMENTS = YES;
				CLANG_WARN_EMPTY_BODY = YES;
				CLANG_WARN_ENUM_CONVERSION = YES;
				CLANG_WARN_INFINITE_RECURSION = YES;
				CLANG_WARN_INT_CONVERSION = YES;
				CLANG_WARN_NON_LITERAL_NULL_CONVERSION = YES;
				CLANG_WARN_OBJC_IMPLICIT_RETAIN_SELF = YES;
				CLANG_WARN_OBJC_LITERAL_CONVERSION = YES;
				CLANG_WARN_OBJC_ROOT_CLASS = YES_ERROR;
				CLANG_WARN_QUOTED_INCLUDE_IN_FRAMEWORK_HEADER = YES;
				CLANG_WARN_RANGE_LOOP_ANALYSIS = YES;
				CLANG_WARN_STRICT_PROTOTYPES = YES;
				CLANG_WARN_SUSPICIOUS_MOVE = YES;
				CLANG_WARN_UNGUARDED_AVAILABILITY = YES_AGGRESSIVE;
				CLANG_WARN_UNREACHABLE_CODE = YES;
				CLANG_WARN__DUPLICATE_METHOD_MATCH = YES;
				COPY_PHASE_STRIP = NO;
				DEBUG_INFORMATION_FORMAT = "dwarf-with-dsym";
				ENABLE_NS_ASSERTIONS = NO;
				ENABLE_STRICT_OBJC_MSGSEND = YES;
				GCC_C_LANGUAGE_STANDARD = gnu11;
				GCC_NO_COMMON_BLOCKS = YES;
				GCC_WARN_64_TO_32_BIT_CONVERSION = YES;
				GCC_WARN_ABOUT_RETURN_TYPE = YES_ERROR;
				GCC_WARN_UNDECLARED_SELECTOR = YES;
				GCC_WARN_UNINITIALIZED_AUTOS = YES_AGGRESSIVE;
				GCC_WARN_UNUSED_FUNCTION = YES;
				GCC_WARN_UNUSED_VARIABLE = YES;
				IPHONEOS_DEPLOYMENT_TARGET = 14.5;
				MTL_ENABLE_DEBUG_INFO = NO;
				MTL_FAST_MATH = YES;
				SDKROOT = iphoneos;
				SWIFT_COMPILATION_MODE = wholemodule;
				SWIFT_OPTIMIZATION_LEVEL = "-O";
				VALIDATE_PRODUCT = YES;
			};
			name = Release;
		};
		BB68FAC72695A8FA00F8FC97 /* Debug */ = {
			isa = XCBuildConfiguration;
			buildSettings = {
				ASSETCATALOG_COMPILER_APPICON_NAME = AppIcon;
				ASSETCATALOG_COMPILER_GLOBAL_ACCENT_COLOR_NAME = AccentColor;
				CODE_SIGN_STYLE = Automatic;
				DEVELOPMENT_TEAM = ZR4TQ435L4;
				INFOPLIST_FILE = xCritical/Info.plist;
				LD_RUNPATH_SEARCH_PATHS = (
					"$(inherited)",
					"@executable_path/Frameworks",
				);
				PRODUCT_BUNDLE_IDENTIFIER = ilyazhdaney.xCritical;
				PRODUCT_NAME = "$(TARGET_NAME)";
				SWIFT_VERSION = 5.0;
				TARGETED_DEVICE_FAMILY = 1;
			};
			name = Debug;
		};
		BB68FAC82695A8FA00F8FC97 /* Release */ = {
			isa = XCBuildConfiguration;
			buildSettings = {
				ASSETCATALOG_COMPILER_APPICON_NAME = AppIcon;
				ASSETCATALOG_COMPILER_GLOBAL_ACCENT_COLOR_NAME = AccentColor;
				CODE_SIGN_STYLE = Automatic;
				DEVELOPMENT_TEAM = ZR4TQ435L4;
				INFOPLIST_FILE = xCritical/Info.plist;
				LD_RUNPATH_SEARCH_PATHS = (
					"$(inherited)",
					"@executable_path/Frameworks",
				);
				PRODUCT_BUNDLE_IDENTIFIER = ilyazhdaney.xCritical;
				PRODUCT_NAME = "$(TARGET_NAME)";
				SWIFT_VERSION = 5.0;
				TARGETED_DEVICE_FAMILY = 1;
			};
			name = Release;
		};
/* End XCBuildConfiguration section */

/* Begin XCConfigurationList section */
		BB68FAAD2695A8F900F8FC97 /* Build configuration list for PBXProject "xCritical" */ = {
			isa = XCConfigurationList;
			buildConfigurations = (
				BB68FAC42695A8FA00F8FC97 /* Debug */,
				BB68FAC52695A8FA00F8FC97 /* Release */,
			);
			defaultConfigurationIsVisible = 0;
			defaultConfigurationName = Release;
		};
		BB68FAC62695A8FA00F8FC97 /* Build configuration list for PBXNativeTarget "xCritical" */ = {
			isa = XCConfigurationList;
			buildConfigurations = (
				BB68FAC72695A8FA00F8FC97 /* Debug */,
				BB68FAC82695A8FA00F8FC97 /* Release */,
			);
			defaultConfigurationIsVisible = 0;
			defaultConfigurationName = Release;
		};
/* End XCConfigurationList section */
	};
	rootObject = BB68FAAA2695A8F900F8FC97 /* Project object */;
}
